Microsoft Visual Studio Solution File, Format Version 11.00
# Visual Studio 2008

Project("{1FF6379B-5E93-C0A9-383C-87C1E2CAE420}") = "MR-master", "Assembly-CSharp-firstpass.csproj", "{0270A04B-EB42-E4C3-AC8C-9D39FEFDB1F8}"
EndProject
Project("{1FF6379B-5E93-C0A9-383C-87C1E2CAE420}") = "MR-master", "Assembly-CSharp.csproj", "{AD40D1D3-EFC1-4C66-0CE3-4A8879F8392D}"
EndProject
Project("{1FF6379B-5E93-C0A9-383C-87C1E2CAE420}") = "MR-master", "Assembly-CSharp-Editor.csproj", "{ABCBA20D-81CC-60C9-B255-E12655CF7784}"
EndProject
Global
	GlobalSection(SolutionConfigurationPlatforms) = preSolution
		Debug|Any CPU = Debug|Any CPU
		Release|Any CPU = Release|Any CPU
	EndGlobalSection
	GlobalSection(ProjectConfigurationPlatforms) = postSolution
		{0270A04B-EB42-E4C3-AC8C-9D39FEFDB1F8}.Debug|Any CPU.ActiveCfg = Debug|Any CPU
		{0270A04B-EB42-E4C3-AC8C-9D39FEFDB1F8}.Debug|Any CPU.Build.0 = Debug|Any CPU
		{0270A04B-EB42-E4C3-AC8C-9D39FEFDB1F8}.Release|Any CPU.ActiveCfg = Release|Any CPU
		{0270A04B-EB42-E4C3-AC8C-9D39FEFDB1F8}.Release|Any CPU.Build.0 = Release|Any CPU
		{AD40D1D3-EFC1-4C66-0CE3-4A8879F8392D}.Debug|Any CPU.ActiveCfg = Debug|Any CPU
		{AD40D1D3-EFC1-4C66-0CE3-4A8879F8392D}.Debug|Any CPU.Build.0 = Debug|Any CPU
		{AD40D1D3-EFC1-4C66-0CE3-4A8879F8392D}.Release|Any CPU.ActiveCfg = Release|Any CPU
		{AD40D1D3-EFC1-4C66-0CE3-4A8879F8392D}.Release|Any CPU.Build.0 = Release|Any CPU
		{ABCBA20D-81CC-60C9-B255-E12655CF7784}.Debug|Any CPU.ActiveCfg = Debug|Any CPU
		{ABCBA20D-81CC-60C9-B255-E12655CF7784}.Debug|Any CPU.Build.0 = Debug|Any CPU
		{ABCBA20D-81CC-60C9-B255-E12655CF7784}.Release|Any CPU.ActiveCfg = Release|Any CPU
		{ABCBA20D-81CC-60C9-B255-E12655CF7784}.Release|Any CPU.Build.0 = Release|Any CPU
	EndGlobalSection
	GlobalSection(SolutionProperties) = preSolution
		HideSolutionNode = FALSE
	EndGlobalSection
	GlobalSection(MonoDevelopProperties) = preSolution
		StartupItem = Assembly-CSharp.csproj
	EndGlobalSection
EndGlobal
